
Microsoft Visual Studio Solution File, Format Version 12.00
# Visual Studio Version 17
VisualStudioVersion = 17.0.31903.59
MinimumVisualStudioVersion = 10.0.40219.1
Project("{2150E333-8FDC-42A3-9474-1A3956D46DE8}") = "src", "src", "{827E0CD3-B72D-47B6-A68D-7590B98EB39B}"
EndProject
Project("{FAE04EC0-301F-11D3-BF4B-00C04F79EFBC}") = "Reclamos.Api", "src\Reclamos.Api\Reclamos.Api.csproj", "{510CFE25-3CE3-4472-B4CE-DBAD45789109}"
EndProject
Project("{FAE04EC0-301F-11D3-BF4B-00C04F79EFBC}") = "Reclamos.Application", "src\Reclamos.Application\Reclamos.Application.csproj", "{F2B0BA5A-3FE6-41E7-A26F-4B47C7DBDB26}"
EndProject
Project("{FAE04EC0-301F-11D3-BF4B-00C04F79EFBC}") = "Reclamos.Benchmark", "src\Reclamos.Benchmark\Reclamos.Benchmark.csproj", "{8BD4270C-8F31-40A1-98FE-D6A46D23F595}"
EndProject
Project("{FAE04EC0-301F-11D3-BF4B-00C04F79EFBC}") = "Reclamos.Domain", "src\Reclamos.Domain\Reclamos.Domain.csproj", "{F2A32AEF-C71A-4772-9534-F2BEBA49B1FA}"
EndProject
Project("{FAE04EC0-301F-11D3-BF4B-00C04F79EFBC}") = "Reclamos.Guardrails", "src\Reclamos.Guardrails\Reclamos.Guardrails.csproj", "{F35E49F9-A010-40FC-8913-E3F147CD2AAF}"
EndProject
Project("{FAE04EC0-301F-11D3-BF4B-00C04F79EFBC}") = "Reclamos.Infrastructure", "src\Reclamos.Infrastructure\Reclamos.Infrastructure.csproj", "{021A7A0D-8054-44CF-A7DB-012E7A33B8AD}"
EndProject
Project("{2150E333-8FDC-42A3-9474-1A3956D46DE8}") = "tests", "tests", "{0AB3BF05-4346-4AA6-1389-037BE0695223}"
EndProject
Project("{FAE04EC0-301F-11D3-BF4B-00C04F79EFBC}") = "Reclamos.Application.Tests", "tests\Reclamos.Application.Tests\Reclamos.Application.Tests.csproj", "{E3FEF99A-4D45-4720-9970-E1C3EE3EDF88}"
EndProject
Project("{FAE04EC0-301F-11D3-BF4B-00C04F79EFBC}") = "Reclamos.Guardrails.Tests", "tests\Reclamos.Guardrails.Tests\Reclamos.Guardrails.Tests.csproj", "{B53C5583-D63A-4A9E-9436-5F0C5D2E8C2F}"
EndProject
Global
	GlobalSection(SolutionConfigurationPlatforms) = preSolution
		Debug|Any CPU = Debug|Any CPU
		Debug|x64 = Debug|x64
		Debug|x86 = Debug|x86
		Release|Any CPU = Release|Any CPU
		Release|x64 = Release|x64
		Release|x86 = Release|x86
	EndGlobalSection
	GlobalSection(ProjectConfigurationPlatforms) = postSolution
		{510CFE25-3CE3-4472-B4CE-DBAD45789109}.Debug|Any CPU.ActiveCfg = Debug|Any CPU
		{510CFE25-3CE3-4472-B4CE-DBAD45789109}.Debug|Any CPU.Build.0 = Debug|Any CPU
		{510CFE25-3CE3-4472-B4CE-DBAD45789109}.Debug|x64.ActiveCfg = Debug|Any CPU
		{510CFE25-3CE3-4472-B4CE-DBAD45789109}.Debug|x64.Build.0 = Debug|Any CPU
		{510CFE25-3CE3-4472-B4CE-DBAD45789109}.Debug|x86.ActiveCfg = Debug|Any CPU
		{510CFE25-3CE3-4472-B4CE-DBAD45789109}.Debug|x86.Build.0 = Debug|Any CPU
		{510CFE25-3CE3-4472-B4CE-DBAD45789109}.Release|Any CPU.ActiveCfg = Release|Any CPU
		{510CFE25-3CE3-4472-B4CE-DBAD45789109}.Release|Any CPU.Build.0 = Release|Any CPU
		{510CFE25-3CE3-4472-B4CE-DBAD45789109}.Release|x64.ActiveCfg = Release|Any CPU
		{510CFE25-3CE3-4472-B4CE-DBAD45789109}.Release|x64.Build.0 = Release|Any CPU
		{510CFE25-3CE3-4472-B4CE-DBAD45789109}.Release|x86.ActiveCfg = Release|Any CPU
		{510CFE25-3CE3-4472-B4CE-DBAD45789109}.Release|x86.Build.0 = Release|Any CPU
		{F2B0BA5A-3FE6-41E7-A26F-4B47C7DBDB26}.Debug|Any CPU.ActiveCfg = Debug|Any CPU
		{F2B0BA5A-3FE6-41E7-A26F-4B47C7DBDB26}.Debug|Any CPU.Build.0 = Debug|Any CPU
		{F2B0BA5A-3FE6-41E7-A26F-4B47C7DBDB26}.Debug|x64.ActiveCfg = Debug|Any CPU
		{F2B0BA5A-3FE6-41E7-A26F-4B47C7DBDB26}.Debug|x64.Build.0 = Debug|Any CPU
		{F2B0BA5A-3FE6-41E7-A26F-4B47C7DBDB26}.Debug|x86.ActiveCfg = Debug|Any CPU
		{F2B0BA5A-3FE6-41E7-A26F-4B47C7DBDB26}.Debug|x86.Build.0 = Debug|Any CPU
		{F2B0BA5A-3FE6-41E7-A26F-4B47C7DBDB26}.Release|Any CPU.ActiveCfg = Release|Any CPU
		{F2B0BA5A-3FE6-41E7-A26F-4B47C7DBDB26}.Release|Any CPU.Build.0 = Release|Any CPU
		{F2B0BA5A-3FE6-41E7-A26F-4B47C7DBDB26}.Release|x64.ActiveCfg = Release|Any CPU
		{F2B0BA5A-3FE6-41E7-A26F-4B47C7DBDB26}.Release|x64.Build.0 = Release|Any CPU
		{F2B0BA5A-3FE6-41E7-A26F-4B47C7DBDB26}.Release|x86.ActiveCfg = Release|Any CPU
		{F2B0BA5A-3FE6-41E7-A26F-4B47C7DBDB26}.Release|x86.Build.0 = Release|Any CPU
		{8BD4270C-8F31-40A1-98FE-D6A46D23F595}.Debug|Any CPU.ActiveCfg = Debug|Any CPU
		{8BD4270C-8F31-40A1-98FE-D6A46D23F595}.Debug|Any CPU.Build.0 = Debug|Any CPU
		{8BD4270C-8F31-40A1-98FE-D6A46D23F595}.Debug|x64.ActiveCfg = Debug|Any CPU
		{8BD4270C-8F31-40A1-98FE-D6A46D23F595}.Debug|x64.Build.0 = Debug|Any CPU
		{8BD4270C-8F31-40A1-98FE-D6A46D23F595}.Debug|x86.ActiveCfg = Debug|Any CPU
		{8BD4270C-8F31-40A1-98FE-D6A46D23F595}.Debug|x86.Build.0 = Debug|Any CPU
		{8BD4270C-8F31-40A1-98FE-D6A46D23F595}.Release|Any CPU.ActiveCfg = Release|Any CPU
		{8BD4270C-8F31-40A1-98FE-D6A46D23F595}.Release|Any CPU.Build.0 = Release|Any CPU
		{8BD4270C-8F31-40A1-98FE-D6A46D23F595}.Release|x64.ActiveCfg = Release|Any CPU
		{8BD4270C-8F31-40A1-98FE-D6A46D23F595}.Release|x64.Build.0 = Release|Any CPU
		{8BD4270C-8F31-40A1-98FE-D6A46D23F595}.Release|x86.ActiveCfg = Release|Any CPU
		{8BD4270C-8F31-40A1-98FE-D6A46D23F595}.Release|x86.Build.0 = Release|Any CPU
		{F2A32AEF-C71A-4772-9534-F2BEBA49B1FA}.Debug|Any CPU.ActiveCfg = Debug|Any CPU
		{F2A32AEF-C71A-4772-9534-F2BEBA49B1FA}.Debug|Any CPU.Build.0 = Debug|Any CPU
		{F2A32AEF-C71A-4772-9534-F2BEBA49B1FA}.Debug|x64.ActiveCfg = Debug|Any CPU
		{F2A32AEF-C71A-4772-9534-F2BEBA49B1FA}.Debug|x64.Build.0 = Debug|Any CPU
		{F2A32AEF-C71A-4772-9534-F2BEBA49B1FA}.Debug|x86.ActiveCfg = Debug|Any CPU
		{F2A32AEF-C71A-4772-9534-F2BEBA49B1FA}.Debug|x86.Build.0 = Debug|Any CPU
		{F2A32AEF-C71A-4772-9534-F2BEBA49B1FA}.Release|Any CPU.ActiveCfg = Release|Any CPU
		{F2A32AEF-C71A-4772-9534-F2BEBA49B1FA}.Release|Any CPU.Build.0 = Release|Any CPU
		{F2A32AEF-C71A-4772-9534-F2BEBA49B1FA}.Release|x64.ActiveCfg = Release|Any CPU
		{F2A32AEF-C71A-4772-9534-F2BEBA49B1FA}.Release|x64.Build.0 = Release|Any CPU
		{F2A32AEF-C71A-4772-9534-F2BEBA49B1FA}.Release|x86.ActiveCfg = Release|Any CPU
		{F2A32AEF-C71A-4772-9534-F2BEBA49B1FA}.Release|x86.Build.0 = Release|Any CPU
		{F35E49F9-A010-40FC-8913-E3F147CD2AAF}.Debug|Any CPU.ActiveCfg = Debug|Any CPU
		{F35E49F9-A010-40FC-8913-E3F147CD2AAF}.Debug|Any CPU.Build.0 = Debug|Any CPU
		{F35E49F9-A010-40FC-8913-E3F147CD2AAF}.Debug|x64.ActiveCfg = Debug|Any CPU
		{F35E49F9-A010-40FC-8913-E3F147CD2AAF}.Debug|x64.Build.0 = Debug|Any CPU
		{F35E49F9-A010-40FC-8913-E3F147CD2AAF}.Debug|x86.ActiveCfg = Debug|Any CPU
		{F35E49F9-A010-40FC-8913-E3F147CD2AAF}.Debug|x86.Build.0 = Debug|Any CPU
		{F35E49F9-A010-40FC-8913-E3F147CD2AAF}.Release|Any CPU.ActiveCfg = Release|Any CPU
		{F35E49F9-A010-40FC-8913-E3F147CD2AAF}.Release|Any CPU.Build.0 = Release|Any CPU
		{F35E49F9-A010-40FC-8913-E3F147CD2AAF}.Release|x64.ActiveCfg = Release|Any CPU
		{F35E49F9-A010-40FC-8913-E3F147CD2AAF}.Release|x64.Build.0 = Release|Any CPU
		{F35E49F9-A010-40FC-8913-E3F147CD2AAF}.Release|x86.ActiveCfg = Release|Any CPU
		{F35E49F9-A010-40FC-8913-E3F147CD2AAF}.Release|x86.Build.0 = Release|Any CPU
		{021A7A0D-8054-44CF-A7DB-012E7A33B8AD}.Debug|Any CPU.ActiveCfg = Debug|Any CPU
		{021A7A0D-8054-44CF-A7DB-012E7A33B8AD}.Debug|Any CPU.Build.0 = Debug|Any CPU
		{021A7A0D-8054-44CF-A7DB-012E7A33B8AD}.Debug|x64.ActiveCfg = Debug|Any CPU
		{021A7A0D-8054-44CF-A7DB-012E7A33B8AD}.Debug|x64.Build.0 = Debug|Any CPU
		{021A7A0D-8054-44CF-A7DB-012E7A33B8AD}.Debug|x86.ActiveCfg = Debug|Any CPU
		{021A7A0D-8054-44CF-A7DB-012E7A33B8AD}.Debug|x86.Build.0 = Debug|Any CPU
		{021A7A0D-8054-44CF-A7DB-012E7A33B8AD}.Release|Any CPU.ActiveCfg = Release|Any CPU
		{021A7A0D-8054-44CF-A7DB-012E7A33B8AD}.Release|Any CPU.Build.0 = Release|Any CPU
		{021A7A0D-8054-44CF-A7DB-012E7A33B8AD}.Release|x64.ActiveCfg = Release|Any CPU
		{021A7A0D-8054-44CF-A7DB-012E7A33B8AD}.Release|x64.Build.0 = Release|Any CPU
		{021A7A0D-8054-44CF-A7DB-012E7A33B8AD}.Release|x86.ActiveCfg = Release|Any CPU
		{021A7A0D-8054-44CF-A7DB-012E7A33B8AD}.Release|x86.Build.0 = Release|Any CPU
		{E3FEF99A-4D45-4720-9970-E1C3EE3EDF88}.Debug|Any CPU.ActiveCfg = Debug|Any CPU
		{E3FEF99A-4D45-4720-9970-E1C3EE3EDF88}.Debug|Any CPU.Build.0 = Debug|Any CPU
		{E3FEF99A-4D45-4720-9970-E1C3EE3EDF88}.Debug|x64.ActiveCfg = Debug|Any CPU
		{E3FEF99A-4D45-4720-9970-E1C3EE3EDF88}.Debug|x64.Build.0 = Debug|Any CPU
		{E3FEF99A-4D45-4720-9970-E1C3EE3EDF88}.Debug|x86.ActiveCfg = Debug|Any CPU
		{E3FEF99A-4D45-4720-9970-E1C3EE3EDF88}.Debug|x86.Build.0 = Debug|Any CPU
		{E3FEF99A-4D45-4720-9970-E1C3EE3EDF88}.Release|Any CPU.ActiveCfg = Release|Any CPU
		{E3FEF99A-4D45-4720-9970-E1C3EE3EDF88}.Release|Any CPU.Build.0 = Release|Any CPU
		{E3FEF99A-4D45-4720-9970-E1C3EE3EDF88}.Release|x64.ActiveCfg = Release|Any CPU
		{E3FEF99A-4D45-4720-9970-E1C3EE3EDF88}.Release|x64.Build.0 = Release|Any CPU
		{E3FEF99A-4D45-4720-9970-E1C3EE3EDF88}.Release|x86.ActiveCfg = Release|Any CPU
		{E3FEF99A-4D45-4720-9970-E1C3EE3EDF88}.Release|x86.Build.0 = Release|Any CPU
		{B53C5583-D63A-4A9E-9436-5F0C5D2E8C2F}.Debug|Any CPU.ActiveCfg = Debug|Any CPU
		{B53C5583-D63A-4A9E-9436-5F0C5D2E8C2F}.Debug|Any CPU.Build.0 = Debug|Any CPU
		{B53C5583-D63A-4A9E-9436-5F0C5D2E8C2F}.Debug|x64.ActiveCfg = Debug|Any CPU
		{B53C5583-D63A-4A9E-9436-5F0C5D2E8C2F}.Debug|x64.Build.0 = Debug|Any CPU
		{B53C5583-D63A-4A9E-9436-5F0C5D2E8C2F}.Debug|x86.ActiveCfg = Debug|Any CPU
		{B53C5583-D63A-4A9E-9436-5F0C5D2E8C2F}.Debug|x86.Build.0 = Debug|Any CPU
		{B53C5583-D63A-4A9E-9436-5F0C5D2E8C2F}.Release|Any CPU.ActiveCfg = Release|Any CPU
		{B53C5583-D63A-4A9E-9436-5F0C5D2E8C2F}.Release|Any CPU.Build.0 = Release|Any CPU
		{B53C5583-D63A-4A9E-9436-5F0C5D2E8C2F}.Release|x64.ActiveCfg = Release|Any CPU
		{B53C5583-D63A-4A9E-9436-5F0C5D2E8C2F}.Release|x64.Build.0 = Release|Any CPU
		{B53C5583-D63A-4A9E-9436-5F0C5D2E8C2F}.Release|x86.ActiveCfg = Release|Any CPU
		{B53C5583-D63A-4A9E-9436-5F0C5D2E8C2F}.Release|x86.Build.0 = Release|Any CPU
	EndGlobalSection
	GlobalSection(SolutionProperties) = preSolution
		HideSolutionNode = FALSE
	EndGlobalSection
	GlobalSection(NestedProjects) = preSolution
		{510CFE25-3CE3-4472-B4CE-DBAD45789109} = {827E0CD3-B72D-47B6-A68D-7590B98EB39B}
		{F2B0BA5A-3FE6-41E7-A26F-4B47C7DBDB26} = {827E0CD3-B72D-47B6-A68D-7590B98EB39B}
		{8BD4270C-8F31-40A1-98FE-D6A46D23F595} = {827E0CD3-B72D-47B6-A68D-7590B98EB39B}
		{F2A32AEF-C71A-4772-9534-F2BEBA49B1FA} = {827E0CD3-B72D-47B6-A68D-7590B98EB39B}
		{F35E49F9-A010-40FC-8913-E3F147CD2AAF} = {827E0CD3-B72D-47B6-A68D-7590B98EB39B}
		{021A7A0D-8054-44CF-A7DB-012E7A33B8AD} = {827E0CD3-B72D-47B6-A68D-7590B98EB39B}
		{E3FEF99A-4D45-4720-9970-E1C3EE3EDF88} = {0AB3BF05-4346-4AA6-1389-037BE0695223}
		{B53C5583-D63A-4A9E-9436-5F0C5D2E8C2F} = {0AB3BF05-4346-4AA6-1389-037BE0695223}
	EndGlobalSection
EndGlobal
